{
  "name": "Thanchanok  Engineering",
  "lockfileVersion": 3,
  "requires": true,
  "packages": {
    "": {
      "dependencies": {
        "coed": "^0.4.1"
      }
    },
    "node_modules/coed": {
      "version": "0.4.1",
      "resolved": "https://registry.npmjs.org/coed/-/coed-0.4.1.tgz",
      "integrity": "sha512-6MebyN8/ngigRmguc3mrE91y/yoKJiZqY1wDsRxkxEG7qNKWKGQxBAi4NXFptbH8CXxVi0tg+eoY6v+ZpYNTKQ==",
      "deprecated": "Please see pagecut",
      "license": "MIT"
    }
  }
}
